
Microsoft Visual Studio Solution File, Format Version 12.00
# Visual Studio Version 16
VisualStudioVersion = 16.0.29409.12
MinimumVisualStudioVersion = 10.0.40219.1
Project("{9A19103F-16F7-4668-BE54-9A1E7A4F7556}") = "Antilatency.com", "Antilatency.com.csproj", "{A5F5F319-6CE0-40EF-81A5-D70E8FE52AC0}"
EndProject
Global
	GlobalSection(SolutionConfigurationPlatforms) = preSolution
		Debug|Any CPU = Debug|Any CPU
		Release|Any CPU = Release|Any CPU
	EndGlobalSection
	GlobalSection(ProjectConfigurationPlatforms) = postSolution
		{A5F5F319-6CE0-40EF-81A5-D70E8FE52AC0}.Debug|Any CPU.ActiveCfg = Debug|Any CPU
		{A5F5F319-6CE0-40EF-81A5-D70E8FE52AC0}.Debug|Any CPU.Build.0 = Debug|Any CPU
		{A5F5F319-6CE0-40EF-81A5-D70E8FE52AC0}.Release|Any CPU.ActiveCfg = Release|Any CPU
		{A5F5F319-6CE0-40EF-81A5-D70E8FE52AC0}.Release|Any CPU.Build.0 = Release|Any CPU
	EndGlobalSection
	GlobalSection(SolutionProperties) = preSolution
		HideSolutionNode = FALSE
	EndGlobalSection
	GlobalSection(ExtensibilityGlobals) = postSolution
		SolutionGuid = {3A3EA579-3C14-4CA0-A275-459E3F702A9D}
	EndGlobalSection
EndGlobal
